
Microsoft Visual Studio Solution File, Format Version 12.00
# Visual Studio Version 16
VisualStudioVersion = 16.0.30104.148
MinimumVisualStudioVersion = 10.0.40219.1
Project("{FAE04EC0-301F-11D3-BF4B-00C04F79EFBC}") = "Calc", "Calc\Calc.csproj", "{69FB9A63-42D5-441F-9EF5-B8A216383F8B}"
EndProject
Global
	GlobalSection(SolutionConfigurationPlatforms) = preSolution
		Debug|Any CPU = Debug|Any CPU
		Release|Any CPU = Release|Any CPU
	EndGlobalSection
	GlobalSection(ProjectConfigurationPlatforms) = postSolution
		{69FB9A63-42D5-441F-9EF5-B8A216383F8B}.Debug|Any CPU.ActiveCfg = Debug|Any CPU
		{69FB9A63-42D5-441F-9EF5-B8A216383F8B}.Debug|Any CPU.Build.0 = Debug|Any CPU
		{69FB9A63-42D5-441F-9EF5-B8A216383F8B}.Release|Any CPU.ActiveCfg = Release|Any CPU
		{69FB9A63-42D5-441F-9EF5-B8A216383F8B}.Release|Any CPU.Build.0 = Release|Any CPU
	EndGlobalSection
	GlobalSection(SolutionProperties) = preSolution
		HideSolutionNode = FALSE
	EndGlobalSection
	GlobalSection(ExtensibilityGlobals) = postSolution
		SolutionGuid = {9C8DA496-3809-4E1E-9620-EA5F042D0A85}
	EndGlobalSection
EndGlobal
