
Microsoft Visual Studio Solution File, Format Version 12.00
# Visual Studio Version 16
VisualStudioVersion = 16.0.30104.148
MinimumVisualStudioVersion = 10.0.40219.1
Project("{FAE04EC0-301F-11D3-BF4B-00C04F79EFBC}") = "ASU-task-10", "ASU-task-10\ASU-task-10.csproj", "{A9F4A12A-51B4-4CB5-8554-5E2F3AF0F6D8}"
EndProject
Global
	GlobalSection(SolutionConfigurationPlatforms) = preSolution
		Debug|Any CPU = Debug|Any CPU
		Release|Any CPU = Release|Any CPU
	EndGlobalSection
	GlobalSection(ProjectConfigurationPlatforms) = postSolution
		{A9F4A12A-51B4-4CB5-8554-5E2F3AF0F6D8}.Debug|Any CPU.ActiveCfg = Debug|Any CPU
		{A9F4A12A-51B4-4CB5-8554-5E2F3AF0F6D8}.Debug|Any CPU.Build.0 = Debug|Any CPU
		{A9F4A12A-51B4-4CB5-8554-5E2F3AF0F6D8}.Release|Any CPU.ActiveCfg = Release|Any CPU
		{A9F4A12A-51B4-4CB5-8554-5E2F3AF0F6D8}.Release|Any CPU.Build.0 = Release|Any CPU
	EndGlobalSection
	GlobalSection(SolutionProperties) = preSolution
		HideSolutionNode = FALSE
	EndGlobalSection
	GlobalSection(ExtensibilityGlobals) = postSolution
		SolutionGuid = {ADBFAC37-9228-4DB4-9A64-91C565A6796F}
	EndGlobalSection
EndGlobal
