
Microsoft Visual Studio Solution File, Format Version 12.00
# Visual Studio Version 16
VisualStudioVersion = 16.0.30104.148
MinimumVisualStudioVersion = 10.0.40219.1
Project("{FAE04EC0-301F-11D3-BF4B-00C04F79EFBC}") = "Calc", "WindowsFormsApplication2\Calc.csproj", "{F292D007-F384-4573-976E-070040078767}"
EndProject
Global
	GlobalSection(SolutionConfigurationPlatforms) = preSolution
		Debug|Any CPU = Debug|Any CPU
		Release|Any CPU = Release|Any CPU
	EndGlobalSection
	GlobalSection(ProjectConfigurationPlatforms) = postSolution
		{F292D007-F384-4573-976E-070040078767}.Debug|Any CPU.ActiveCfg = Debug|Any CPU
		{F292D007-F384-4573-976E-070040078767}.Debug|Any CPU.Build.0 = Debug|Any CPU
		{F292D007-F384-4573-976E-070040078767}.Release|Any CPU.ActiveCfg = Release|Any CPU
		{F292D007-F384-4573-976E-070040078767}.Release|Any CPU.Build.0 = Release|Any CPU
	EndGlobalSection
	GlobalSection(SolutionProperties) = preSolution
		HideSolutionNode = FALSE
	EndGlobalSection
	GlobalSection(ExtensibilityGlobals) = postSolution
		SolutionGuid = {35B87697-1C1A-4936-AAE9-411E19256032}
	EndGlobalSection
EndGlobal
