
Microsoft Visual Studio Solution File, Format Version 12.00
# Visual Studio Version 16
VisualStudioVersion = 16.0.30104.148
MinimumVisualStudioVersion = 10.0.40219.1
Project("{FAE04EC0-301F-11D3-BF4B-00C04F79EFBC}") = "WindowsFormsApp1", "WindowsFormsApp1\WindowsFormsApp1.csproj", "{BDC74D9B-C54A-4608-815F-15AF09277BB0}"
EndProject
Global
	GlobalSection(SolutionConfigurationPlatforms) = preSolution
		Debug|Any CPU = Debug|Any CPU
		Release|Any CPU = Release|Any CPU
	EndGlobalSection
	GlobalSection(ProjectConfigurationPlatforms) = postSolution
		{BDC74D9B-C54A-4608-815F-15AF09277BB0}.Debug|Any CPU.ActiveCfg = Debug|Any CPU
		{BDC74D9B-C54A-4608-815F-15AF09277BB0}.Debug|Any CPU.Build.0 = Debug|Any CPU
		{BDC74D9B-C54A-4608-815F-15AF09277BB0}.Release|Any CPU.ActiveCfg = Release|Any CPU
		{BDC74D9B-C54A-4608-815F-15AF09277BB0}.Release|Any CPU.Build.0 = Release|Any CPU
	EndGlobalSection
	GlobalSection(SolutionProperties) = preSolution
		HideSolutionNode = FALSE
	EndGlobalSection
	GlobalSection(ExtensibilityGlobals) = postSolution
		SolutionGuid = {6F040E5A-8E2D-48FA-9570-0CA1C5367763}
	EndGlobalSection
EndGlobal
